
Microsoft Visual Studio Solution File, Format Version 12.00
# Visual Studio Version 17
VisualStudioVersion = 17.0.31903.59
MinimumVisualStudioVersion = 10.0.40219.1
Project("{FAE04EC0-301F-11D3-BF4B-00C04F79EFBC}") = "StorgeSysm", "StorgeSysm\StorgeSysm.csproj", "{BACE83CC-A44A-447C-B223-02DA32B4C1FE}"
EndProject
Global
	GlobalSection(SolutionConfigurationPlatforms) = preSolution
		Debug|Any CPU = Debug|Any CPU
		Debug|x64 = Debug|x64
		Release|Any CPU = Release|Any CPU
		Release|x64 = Release|x64
	EndGlobalSection
	GlobalSection(ProjectConfigurationPlatforms) = postSolution
		{BACE83CC-A44A-447C-B223-02DA32B4C1FE}.Debug|Any CPU.ActiveCfg = Debug|Any CPU
		{BACE83CC-A44A-447C-B223-02DA32B4C1FE}.Debug|Any CPU.Build.0 = Debug|Any CPU
		{BACE83CC-A44A-447C-B223-02DA32B4C1FE}.Debug|x64.ActiveCfg = Debug|x64
		{BACE83CC-A44A-447C-B223-02DA32B4C1FE}.Debug|x64.Build.0 = Debug|x64
		{BACE83CC-A44A-447C-B223-02DA32B4C1FE}.Release|Any CPU.ActiveCfg = Release|Any CPU
		{BACE83CC-A44A-447C-B223-02DA32B4C1FE}.Release|Any CPU.Build.0 = Release|Any CPU
		{BACE83CC-A44A-447C-B223-02DA32B4C1FE}.Release|x64.ActiveCfg = Release|x64
		{BACE83CC-A44A-447C-B223-02DA32B4C1FE}.Release|x64.Build.0 = Release|x64
	EndGlobalSection
	GlobalSection(SolutionProperties) = preSolution
		HideSolutionNode = FALSE
	EndGlobalSection
	GlobalSection(ExtensibilityGlobals) = postSolution
		SolutionGuid = {279FD6FB-F5C6-494F-AB4D-5AB3C31A6541}
	EndGlobalSection
EndGlobal
